// !$*UTF8*$!
{
	archiveVersion = 1;
	classes = {
	};
	objectVersion = 50;
	objects = {

/* Begin PBXBuildFile section */
		B0ADDAD22679016F00938A17 /* AppDelegate.swift in Sources */ = {isa = PBXBuildFile; fileRef = B0ADDAD12679016F00938A17 /* AppDelegate.swift */; };
		B0ADDAD42679016F00938A17 /* SceneDelegate.swift in Sources */ = {isa = PBXBuildFile; fileRef = B0ADDAD32679016F00938A17 /* SceneDelegate.swift */; };
		B0ADDAD62679016F00938A17 /* HomeViewController.swift in Sources */ = {isa = PBXBuildFile; fileRef = B0ADDAD52679016F00938A17 /* HomeViewController.swift */; };
		B0ADDADC2679016F00938A17 /* Forecasty.xcdatamodeld in Sources */ = {isa = PBXBuildFile; fileRef = B0ADDADA2679016F00938A17 /* Forecasty.xcdatamodeld */; };
		B0ADDADE2679017000938A17 /* Assets.xcassets in Resources */ = {isa = PBXBuildFile; fileRef = B0ADDADD2679017000938A17 /* Assets.xcassets */; };
		B0ADDAEC2679017100938A17 /* ForecastyTests.swift in Sources */ = {isa = PBXBuildFile; fileRef = B0ADDAEB2679017100938A17 /* ForecastyTests.swift */; };
		B0ADDAF72679017100938A17 /* ForecastyUITests.swift in Sources */ = {isa = PBXBuildFile; fileRef = B0ADDAF62679017100938A17 /* ForecastyUITests.swift */; };
		B0ADDB272679039300938A17 /* CoordinatorProtocol.swift in Sources */ = {isa = PBXBuildFile; fileRef = B0ADDB262679039300938A17 /* CoordinatorProtocol.swift */; };
		B0ADDB2F2679039E00938A17 /* MainCoordinator.swift in Sources */ = {isa = PBXBuildFile; fileRef = B0ADDB2E2679039E00938A17 /* MainCoordinator.swift */; };
		B0ADDB35267960BD00938A17 /* UIView+Extensions.swift in Sources */ = {isa = PBXBuildFile; fileRef = B0ADDB34267960BD00938A17 /* UIView+Extensions.swift */; };
		B0ADDB472679666200938A17 /* LaunchScreen.storyboard in Resources */ = {isa = PBXBuildFile; fileRef = B0ADDB462679666200938A17 /* LaunchScreen.storyboard */; };
		B0B7229E267A289A0042D4D0 /* NetworkManager.swift in Sources */ = {isa = PBXBuildFile; fileRef = B0B7229D267A289A0042D4D0 /* NetworkManager.swift */; };
		B0B722A7267A29780042D4D0 /* HomeViewModel.swift in Sources */ = {isa = PBXBuildFile; fileRef = B0B722A6267A29780042D4D0 /* HomeViewModel.swift */; };
		B0B7230C267A9D9D0042D4D0 /* String+Extensions.swift in Sources */ = {isa = PBXBuildFile; fileRef = B0B7230B267A9D9D0042D4D0 /* String+Extensions.swift */; };
		B0B72315267AA02D0042D4D0 /* Localizable.strings in Resources */ = {isa = PBXBuildFile; fileRef = B0B72317267AA02D0042D4D0 /* Localizable.strings */; };
/* End PBXBuildFile section */

/* Begin PBXContainerItemProxy section */
		B0ADDAE82679017100938A17 /* PBXContainerItemProxy */ = {
			isa = PBXContainerItemProxy;
			containerPortal = B0ADDAC62679016F00938A17 /* Project object */;
			proxyType = 1;
			remoteGlobalIDString = B0ADDACD2679016F00938A17;
			remoteInfo = Forecasty;
		};
		B0ADDAF32679017100938A17 /* PBXContainerItemProxy */ = {
			isa = PBXContainerItemProxy;
			containerPortal = B0ADDAC62679016F00938A17 /* Project object */;
			proxyType = 1;
			remoteGlobalIDString = B0ADDACD2679016F00938A17;
			remoteInfo = Forecasty;
		};
/* End PBXContainerItemProxy section */

/* Begin PBXFileReference section */
		B0ADDACE2679016F00938A17 /* Forecasty.app */ = {isa = PBXFileReference; explicitFileType = wrapper.application; includeInIndex = 0; path = Forecasty.app; sourceTree = BUILT_PRODUCTS_DIR; };
		B0ADDAD12679016F00938A17 /* AppDelegate.swift */ = {isa = PBXFileReference; lastKnownFileType = sourcecode.swift; path = AppDelegate.swift; sourceTree = "<group>"; };
		B0ADDAD32679016F00938A17 /* SceneDelegate.swift */ = {isa = PBXFileReference; lastKnownFileType = sourcecode.swift; path = SceneDelegate.swift; sourceTree = "<group>"; };
		B0ADDAD52679016F00938A17 /* HomeViewController.swift */ = {isa = PBXFileReference; lastKnownFileType = sourcecode.swift; path = HomeViewController.swift; sourceTree = "<group>"; };
		B0ADDADB2679016F00938A17 /* Forecasty.xcdatamodel */ = {isa = PBXFileReference; lastKnownFileType = wrapper.xcdatamodel; path = Forecasty.xcdatamodel; sourceTree = "<group>"; };
		B0ADDADD2679017000938A17 /* Assets.xcassets */ = {isa = PBXFileReference; lastKnownFileType = folder.assetcatalog; path = Assets.xcassets; sourceTree = "<group>"; };
		B0ADDAE22679017000938A17 /* Info.plist */ = {isa = PBXFileReference; lastKnownFileType = text.plist.xml; path = Info.plist; sourceTree = "<group>"; };
		B0ADDAE72679017100938A17 /* ForecastyTests.xctest */ = {isa = PBXFileReference; explicitFileType = wrapper.cfbundle; includeInIndex = 0; path = ForecastyTests.xctest; sourceTree = BUILT_PRODUCTS_DIR; };
		B0ADDAEB2679017100938A17 /* ForecastyTests.swift */ = {isa = PBXFileReference; lastKnownFileType = sourcecode.swift; path = ForecastyTests.swift; sourceTree = "<group>"; };
		B0ADDAED2679017100938A17 /* Info.plist */ = {isa = PBXFileReference; lastKnownFileType = text.plist.xml; path = Info.plist; sourceTree = "<group>"; };
		B0ADDAF22679017100938A17 /* ForecastyUITests.xctest */ = {isa = PBXFileReference; explicitFileType = wrapper.cfbundle; includeInIndex = 0; path = ForecastyUITests.xctest; sourceTree = BUILT_PRODUCTS_DIR; };
		B0ADDAF62679017100938A17 /* ForecastyUITests.swift */ = {isa = PBXFileReference; lastKnownFileType = sourcecode.swift; path = ForecastyUITests.swift; sourceTree = "<group>"; };
		B0ADDAF82679017100938A17 /* Info.plist */ = {isa = PBXFileReference; lastKnownFileType = text.plist.xml; path = Info.plist; sourceTree = "<group>"; };
		B0ADDB262679039300938A17 /* CoordinatorProtocol.swift */ = {isa = PBXFileReference; lastKnownFileType = sourcecode.swift; path = CoordinatorProtocol.swift; sourceTree = "<group>"; };
		B0ADDB2E2679039E00938A17 /* MainCoordinator.swift */ = {isa = PBXFileReference; lastKnownFileType = sourcecode.swift; path = MainCoordinator.swift; sourceTree = "<group>"; };
		B0ADDB34267960BD00938A17 /* UIView+Extensions.swift */ = {isa = PBXFileReference; lastKnownFileType = sourcecode.swift; path = "UIView+Extensions.swift"; sourceTree = "<group>"; };
		B0ADDB462679666200938A17 /* LaunchScreen.storyboard */ = {isa = PBXFileReference; lastKnownFileType = file.storyboard; path = LaunchScreen.storyboard; sourceTree = "<group>"; };
		B0B7229D267A289A0042D4D0 /* NetworkManager.swift */ = {isa = PBXFileReference; lastKnownFileType = sourcecode.swift; path = NetworkManager.swift; sourceTree = "<group>"; };
		B0B722A6267A29780042D4D0 /* HomeViewModel.swift */ = {isa = PBXFileReference; lastKnownFileType = sourcecode.swift; path = HomeViewModel.swift; sourceTree = "<group>"; };
		B0B7230B267A9D9D0042D4D0 /* String+Extensions.swift */ = {isa = PBXFileReference; lastKnownFileType = sourcecode.swift; path = "String+Extensions.swift"; sourceTree = "<group>"; };
		B0B72316267AA02D0042D4D0 /* en */ = {isa = PBXFileReference; lastKnownFileType = text.plist.strings; name = en; path = en.lproj/Localizable.strings; sourceTree = "<group>"; };
/* End PBXFileReference section */

/* Begin PBXFrameworksBuildPhase section */
		B0ADDACB2679016F00938A17 /* Frameworks */ = {
			isa = PBXFrameworksBuildPhase;
			buildActionMask = 2147483647;
			files = (
			);
			runOnlyForDeploymentPostprocessing = 0;
		};
		B0ADDAE42679017100938A17 /* Frameworks */ = {
			isa = PBXFrameworksBuildPhase;
			buildActionMask = 2147483647;
			files = (
			);
			runOnlyForDeploymentPostprocessing = 0;
		};
		B0ADDAEF2679017100938A17 /* Frameworks */ = {
			isa = PBXFrameworksBuildPhase;
			buildActionMask = 2147483647;
			files = (
			);
			runOnlyForDeploymentPostprocessing = 0;
		};
/* End PBXFrameworksBuildPhase section */

/* Begin PBXGroup section */
		B0ADDAC52679016F00938A17 = {
			isa = PBXGroup;
			children = (
				B0ADDAD02679016F00938A17 /* Forecasty */,
				B0ADDAEA2679017100938A17 /* ForecastyTests */,
				B0ADDAF52679017100938A17 /* ForecastyUITests */,
				B0ADDACF2679016F00938A17 /* Products */,
			);
			sourceTree = "<group>";
		};
		B0ADDACF2679016F00938A17 /* Products */ = {
			isa = PBXGroup;
			children = (
				B0ADDACE2679016F00938A17 /* Forecasty.app */,
				B0ADDAE72679017100938A17 /* ForecastyTests.xctest */,
				B0ADDAF22679017100938A17 /* ForecastyUITests.xctest */,
			);
			name = Products;
			sourceTree = "<group>";
		};
		B0ADDAD02679016F00938A17 /* Forecasty */ = {
			isa = PBXGroup;
			children = (
				B0B722A5267A296D0042D4D0 /* ViewModels */,
				B0B7229C267A287C0042D4D0 /* Network */,
				B0ADDB4B2679667D00938A17 /* Storyboards */,
				B0ADDB3C267963F800938A17 /* ViewControllers */,
				B0ADDB33267960AF00938A17 /* Extensions */,
				B0ADDB192679031F00938A17 /* Coordinators */,
				B0ADDAD12679016F00938A17 /* AppDelegate.swift */,
				B0ADDAD32679016F00938A17 /* SceneDelegate.swift */,
				B0ADDADD2679017000938A17 /* Assets.xcassets */,
				B0ADDAE22679017000938A17 /* Info.plist */,
				B0ADDADA2679016F00938A17 /* Forecasty.xcdatamodeld */,
				B0B72317267AA02D0042D4D0 /* Localizable.strings */,
			);
			path = Forecasty;
			sourceTree = "<group>";
		};
		B0ADDAEA2679017100938A17 /* ForecastyTests */ = {
			isa = PBXGroup;
			children = (
				B0ADDAEB2679017100938A17 /* ForecastyTests.swift */,
				B0ADDAED2679017100938A17 /* Info.plist */,
			);
			path = ForecastyTests;
			sourceTree = "<group>";
		};
		B0ADDAF52679017100938A17 /* ForecastyUITests */ = {
			isa = PBXGroup;
			children = (
				B0ADDAF62679017100938A17 /* ForecastyUITests.swift */,
				B0ADDAF82679017100938A17 /* Info.plist */,
			);
			path = ForecastyUITests;
			sourceTree = "<group>";
		};
		B0ADDB192679031F00938A17 /* Coordinators */ = {
			isa = PBXGroup;
			children = (
				B0ADDB252679038600938A17 /* Base */,
				B0ADDB2E2679039E00938A17 /* MainCoordinator.swift */,
			);
			path = Coordinators;
			sourceTree = "<group>";
		};
		B0ADDB252679038600938A17 /* Base */ = {
			isa = PBXGroup;
			children = (
				B0ADDB262679039300938A17 /* CoordinatorProtocol.swift */,
			);
			path = Base;
			sourceTree = "<group>";
		};
		B0ADDB33267960AF00938A17 /* Extensions */ = {
			isa = PBXGroup;
			children = (
				B0ADDB34267960BD00938A17 /* UIView+Extensions.swift */,
				B0B7230B267A9D9D0042D4D0 /* String+Extensions.swift */,
			);
			path = Extensions;
			sourceTree = "<group>";
		};
		B0ADDB3C267963F800938A17 /* ViewControllers */ = {
			isa = PBXGroup;
			children = (
				B0ADDAD52679016F00938A17 /* HomeViewController.swift */,
			);
			path = ViewControllers;
			sourceTree = "<group>";
		};
		B0ADDB4B2679667D00938A17 /* Storyboards */ = {
			isa = PBXGroup;
			children = (
				B0ADDB462679666200938A17 /* LaunchScreen.storyboard */,
			);
			path = Storyboards;
			sourceTree = "<group>";
		};
		B0B7229C267A287C0042D4D0 /* Network */ = {
			isa = PBXGroup;
			children = (
				B0B7229D267A289A0042D4D0 /* NetworkManager.swift */,
			);
			path = Network;
			sourceTree = "<group>";
		};
		B0B722A5267A296D0042D4D0 /* ViewModels */ = {
			isa = PBXGroup;
			children = (
				B0B722A6267A29780042D4D0 /* HomeViewModel.swift */,
			);
			path = ViewModels;
			sourceTree = "<group>";
		};
/* End PBXGroup section */

/* Begin PBXNativeTarget section */
		B0ADDACD2679016F00938A17 /* Forecasty */ = {
			isa = PBXNativeTarget;
			buildConfigurationList = B0ADDAFB2679017100938A17 /* Build configuration list for PBXNativeTarget "Forecasty" */;
			buildPhases = (
				B0ADDACA2679016F00938A17 /* Sources */,
				B0ADDACB2679016F00938A17 /* Frameworks */,
				B0ADDACC2679016F00938A17 /* Resources */,
			);
			buildRules = (
			);
			dependencies = (
			);
			name = Forecasty;
			productName = Forecasty;
			productReference = B0ADDACE2679016F00938A17 /* Forecasty.app */;
			productType = "com.apple.product-type.application";
		};
		B0ADDAE62679017100938A17 /* ForecastyTests */ = {
			isa = PBXNativeTarget;
			buildConfigurationList = B0ADDAFE2679017100938A17 /* Build configuration list for PBXNativeTarget "ForecastyTests" */;
			buildPhases = (
				B0ADDAE32679017100938A17 /* Sources */,
				B0ADDAE42679017100938A17 /* Frameworks */,
				B0ADDAE52679017100938A17 /* Resources */,
			);
			buildRules = (
			);
			dependencies = (
				B0ADDAE92679017100938A17 /* PBXTargetDependency */,
			);
			name = ForecastyTests;
			productName = ForecastyTests;
			productReference = B0ADDAE72679017100938A17 /* ForecastyTests.xctest */;
			productType = "com.apple.product-type.bundle.unit-test";
		};
		B0ADDAF12679017100938A17 /* ForecastyUITests */ = {
			isa = PBXNativeTarget;
			buildConfigurationList = B0ADDB012679017100938A17 /* Build configuration list for PBXNativeTarget "ForecastyUITests" */;
			buildPhases = (
				B0ADDAEE2679017100938A17 /* Sources */,
				B0ADDAEF2679017100938A17 /* Frameworks */,
				B0ADDAF02679017100938A17 /* Resources */,
			);
			buildRules = (
			);
			dependencies = (
				B0ADDAF42679017100938A17 /* PBXTargetDependency */,
			);
			name = ForecastyUITests;
			productName = ForecastyUITests;
			productReference = B0ADDAF22679017100938A17 /* ForecastyUITests.xctest */;
			productType = "com.apple.product-type.bundle.ui-testing";
		};
/* End PBXNativeTarget section */

/* Begin PBXProject section */
		B0ADDAC62679016F00938A17 /* Project object */ = {
			isa = PBXProject;
			attributes = {
				LastSwiftUpdateCheck = 1240;
				LastUpgradeCheck = 1240;
				TargetAttributes = {
					B0ADDACD2679016F00938A17 = {
						CreatedOnToolsVersion = 12.4;
					};
					B0ADDAE62679017100938A17 = {
						CreatedOnToolsVersion = 12.4;
						TestTargetID = B0ADDACD2679016F00938A17;
					};
					B0ADDAF12679017100938A17 = {
						CreatedOnToolsVersion = 12.4;
						TestTargetID = B0ADDACD2679016F00938A17;
					};
				};
			};
			buildConfigurationList = B0ADDAC92679016F00938A17 /* Build configuration list for PBXProject "Forecasty" */;
			compatibilityVersion = "Xcode 9.3";
			developmentRegion = en;
			hasScannedForEncodings = 0;
			knownRegions = (
				en,
				Base,
			);
			mainGroup = B0ADDAC52679016F00938A17;
			productRefGroup = B0ADDACF2679016F00938A17 /* Products */;
			projectDirPath = "";
			projectRoot = "";
			targets = (
				B0ADDACD2679016F00938A17 /* Forecasty */,
				B0ADDAE62679017100938A17 /* ForecastyTests */,
				B0ADDAF12679017100938A17 /* ForecastyUITests */,
			);
		};
/* End PBXProject section */

/* Begin PBXResourcesBuildPhase section */
		B0ADDACC2679016F00938A17 /* Resources */ = {
			isa = PBXResourcesBuildPhase;
			buildActionMask = 2147483647;
			files = (
				B0ADDADE2679017000938A17 /* Assets.xcassets in Resources */,
				B0B72315267AA02D0042D4D0 /* Localizable.strings in Resources */,
				B0ADDB472679666200938A17 /* LaunchScreen.storyboard in Resources */,
			);
			runOnlyForDeploymentPostprocessing = 0;
		};
		B0ADDAE52679017100938A17 /* Resources */ = {
			isa = PBXResourcesBuildPhase;
			buildActionMask = 2147483647;
			files = (
			);
			runOnlyForDeploymentPostprocessing = 0;
		};
		B0ADDAF02679017100938A17 /* Resources */ = {
			isa = PBXResourcesBuildPhase;
			buildActionMask = 2147483647;
			files = (
			);
			runOnlyForDeploymentPostprocessing = 0;
		};
/* End PBXResourcesBuildPhase section */

/* Begin PBXSourcesBuildPhase section */
		B0ADDACA2679016F00938A17 /* Sources */ = {
			isa = PBXSourcesBuildPhase;
			buildActionMask = 2147483647;
			files = (
				B0B7230C267A9D9D0042D4D0 /* String+Extensions.swift in Sources */,
				B0ADDB35267960BD00938A17 /* UIView+Extensions.swift in Sources */,
				B0B722A7267A29780042D4D0 /* HomeViewModel.swift in Sources */,
				B0ADDAD62679016F00938A17 /* HomeViewController.swift in Sources */,
				B0ADDB2F2679039E00938A17 /* MainCoordinator.swift in Sources */,
				B0ADDAD22679016F00938A17 /* AppDelegate.swift in Sources */,
				B0B7229E267A289A0042D4D0 /* NetworkManager.swift in Sources */,
				B0ADDB272679039300938A17 /* CoordinatorProtocol.swift in Sources */,
				B0ADDADC2679016F00938A17 /* Forecasty.xcdatamodeld in Sources */,
				B0ADDAD42679016F00938A17 /* SceneDelegate.swift in Sources */,
			);
			runOnlyForDeploymentPostprocessing = 0;
		};
		B0ADDAE32679017100938A17 /* Sources */ = {
			isa = PBXSourcesBuildPhase;
			buildActionMask = 2147483647;
			files = (
				B0ADDAEC2679017100938A17 /* ForecastyTests.swift in Sources */,
			);
			runOnlyForDeploymentPostprocessing = 0;
		};
		B0ADDAEE2679017100938A17 /* Sources */ = {
			isa = PBXSourcesBuildPhase;
			buildActionMask = 2147483647;
			files = (
				B0ADDAF72679017100938A17 /* ForecastyUITests.swift in Sources */,
			);
			runOnlyForDeploymentPostprocessing = 0;
		};
/* End PBXSourcesBuildPhase section */

/* Begin PBXTargetDependency section */
		B0ADDAE92679017100938A17 /* PBXTargetDependency */ = {
			isa = PBXTargetDependency;
			target = B0ADDACD2679016F00938A17 /* Forecasty */;
			targetProxy = B0ADDAE82679017100938A17 /* PBXContainerItemProxy */;
		};
		B0ADDAF42679017100938A17 /* PBXTargetDependency */ = {
			isa = PBXTargetDependency;
			target = B0ADDACD2679016F00938A17 /* Forecasty */;
			targetProxy = B0ADDAF32679017100938A17 /* PBXContainerItemProxy */;
		};
/* End PBXTargetDependency section */

/* Begin PBXVariantGroup section */
		B0B72317267AA02D0042D4D0 /* Localizable.strings */ = {
			isa = PBXVariantGroup;
			children = (
				B0B72316267AA02D0042D4D0 /* en */,
			);
			name = Localizable.strings;
			sourceTree = "<group>";
		};
/* End PBXVariantGroup section */

/* Begin XCBuildConfiguration section */
		B0ADDAF92679017100938A17 /* Debug */ = {
			isa = XCBuildConfiguration;
			buildSettings = {
				ALWAYS_SEARCH_USER_PATHS = NO;
				CLANG_ANALYZER_NONNULL = YES;
				CLANG_ANALYZER_NUMBER_OBJECT_CONVERSION = YES_AGGRESSIVE;
				CLANG_CXX_LANGUAGE_STANDARD = "gnu++14";
				CLANG_CXX_LIBRARY = "libc++";
				CLANG_ENABLE_MODULES = YES;
				CLANG_ENABLE_OBJC_ARC = YES;
				CLANG_ENABLE_OBJC_WEAK = YES;
				CLANG_WARN_BLOCK_CAPTURE_AUTORELEASING = YES;
				CLANG_WARN_BOOL_CONVERSION = YES;
				CLANG_WARN_COMMA = YES;
				CLANG_WARN_CONSTANT_CONVERSION = YES;
				CLANG_WARN_DEPRECATED_OBJC_IMPLEMENTATIONS = YES;
				CLANG_WARN_DIRECT_OBJC_ISA_USAGE = YES_ERROR;
				CLANG_WARN_DOCUMENTATION_COMMENTS = YES;
				CLANG_WARN_EMPTY_BODY = YES;
				CLANG_WARN_ENUM_CONVERSION = YES;
				CLANG_WARN_INFINITE_RECURSION = YES;
				CLANG_WARN_INT_CONVERSION = YES;
				CLANG_WARN_NON_LITERAL_NULL_CONVERSION = YES;
				CLANG_WARN_OBJC_IMPLICIT_RETAIN_SELF = YES;
				CLANG_WARN_OBJC_LITERAL_CONVERSION = YES;
				CLANG_WARN_OBJC_ROOT_CLASS = YES_ERROR;
				CLANG_WARN_QUOTED_INCLUDE_IN_FRAMEWORK_HEADER = YES;
				CLANG_WARN_RANGE_LOOP_ANALYSIS = YES;
				CLANG_WARN_STRICT_PROTOTYPES = YES;
				CLANG_WARN_SUSPICIOUS_MOVE = YES;
				CLANG_WARN_UNGUARDED_AVAILABILITY = YES_AGGRESSIVE;
				CLANG_WARN_UNREACHABLE_CODE = YES;
				CLANG_WARN__DUPLICATE_METHOD_MATCH = YES;
				COPY_PHASE_STRIP = NO;
				DEBUG_INFORMATION_FORMAT = dwarf;
				ENABLE_STRICT_OBJC_MSGSEND = YES;
				ENABLE_TESTABILITY = YES;
				GCC_C_LANGUAGE_STANDARD = gnu11;
				GCC_DYNAMIC_NO_PIC = NO;
				GCC_NO_COMMON_BLOCKS = YES;
				GCC_OPTIMIZATION_LEVEL = 0;
				GCC_PREPROCESSOR_DEFINITIONS = (
					"DEBUG=1",
					"$(inherited)",
				);
				GCC_WARN_64_TO_32_BIT_CONVERSION = YES;
				GCC_WARN_ABOUT_RETURN_TYPE = YES_ERROR;
				GCC_WARN_UNDECLARED_SELECTOR = YES;
				GCC_WARN_UNINITIALIZED_AUTOS = YES_AGGRESSIVE;
				GCC_WARN_UNUSED_FUNCTION = YES;
				GCC_WARN_UNUSED_VARIABLE = YES;
				IPHONEOS_DEPLOYMENT_TARGET = 13.0;
				MTL_ENABLE_DEBUG_INFO = INCLUDE_SOURCE;
				MTL_FAST_MATH = YES;
				ONLY_ACTIVE_ARCH = YES;
				SDKROOT = iphoneos;
				SWIFT_ACTIVE_COMPILATION_CONDITIONS = DEBUG;
				SWIFT_OPTIMIZATION_LEVEL = "-Onone";
			};
			name = Debug;
		};
		B0ADDAFA2679017100938A17 /* Release */ = {
			isa = XCBuildConfiguration;
			buildSettings = {
				ALWAYS_SEARCH_USER_PATHS = NO;
				CLANG_ANALYZER_NONNULL = YES;
				CLANG_ANALYZER_NUMBER_OBJECT_CONVERSION = YES_AGGRESSIVE;
				CLANG_CXX_LANGUAGE_STANDARD = "gnu++14";
				CLANG_CXX_LIBRARY = "libc++";
				CLANG_ENABLE_MODULES = YES;
				CLANG_ENABLE_OBJC_ARC = YES;
				CLANG_ENABLE_OBJC_WEAK = YES;
				CLANG_WARN_BLOCK_CAPTURE_AUTORELEASING = YES;
				CLANG_WARN_BOOL_CONVERSION = YES;
				CLANG_WARN_COMMA = YES;
				CLANG_WARN_CONSTANT_CONVERSION = YES;
				CLANG_WARN_DEPRECATED_OBJC_IMPLEMENTATIONS = YES;
				CLANG_WARN_DIRECT_OBJC_ISA_USAGE = YES_ERROR;
				CLANG_WARN_DOCUMENTATION_COMMENTS = YES;
				CLANG_WARN_EMPTY_BODY = YES;
				CLANG_WARN_ENUM_CONVERSION = YES;
				CLANG_WARN_INFINITE_RECURSION = YES;
				CLANG_WARN_INT_CONVERSION = YES;
				CLANG_WARN_NON_LITERAL_NULL_CONVERSION = YES;
				CLANG_WARN_OBJC_IMPLICIT_RETAIN_SELF = YES;
				CLANG_WARN_OBJC_LITERAL_CONVERSION = YES;
				CLANG_WARN_OBJC_ROOT_CLASS = YES_ERROR;
				CLANG_WARN_QUOTED_INCLUDE_IN_FRAMEWORK_HEADER = YES;
				CLANG_WARN_RANGE_LOOP_ANALYSIS = YES;
				CLANG_WARN_STRICT_PROTOTYPES = YES;
				CLANG_WARN_SUSPICIOUS_MOVE = YES;
				CLANG_WARN_UNGUARDED_AVAILABILITY = YES_AGGRESSIVE;
				CLANG_WARN_UNREACHABLE_CODE = YES;
				CLANG_WARN__DUPLICATE_METHOD_MATCH = YES;
				COPY_PHASE_STRIP = NO;
				DEBUG_INFORMATION_FORMAT = "dwarf-with-dsym";
				ENABLE_NS_ASSERTIONS = NO;
				ENABLE_STRICT_OBJC_MSGSEND = YES;
				GCC_C_LANGUAGE_STANDARD = gnu11;
				GCC_NO_COMMON_BLOCKS = YES;
				GCC_WARN_64_TO_32_BIT_CONVERSION = YES;
				GCC_WARN_ABOUT_RETURN_TYPE = YES_ERROR;
				GCC_WARN_UNDECLARED_SELECTOR = YES;
				GCC_WARN_UNINITIALIZED_AUTOS = YES_AGGRESSIVE;
				GCC_WARN_UNUSED_FUNCTION = YES;
				GCC_WARN_UNUSED_VARIABLE = YES;
				IPHONEOS_DEPLOYMENT_TARGET = 13.0;
				MTL_ENABLE_DEBUG_INFO = NO;
				MTL_FAST_MATH = YES;
				SDKROOT = iphoneos;
				SWIFT_COMPILATION_MODE = wholemodule;
				SWIFT_OPTIMIZATION_LEVEL = "-O";
				VALIDATE_PRODUCT = YES;
			};
			name = Release;
		};
		B0ADDAFC2679017100938A17 /* Debug */ = {
			isa = XCBuildConfiguration;
			buildSettings = {
				ASSETCATALOG_COMPILER_APPICON_NAME = AppIcon;
				ASSETCATALOG_COMPILER_GLOBAL_ACCENT_COLOR_NAME = AccentColor;
				CODE_SIGN_STYLE = Automatic;
				DEVELOPMENT_TEAM = 47FXCVC88W;
				INFOPLIST_FILE = Forecasty/Info.plist;
				IPHONEOS_DEPLOYMENT_TARGET = 13.0;
				LD_RUNPATH_SEARCH_PATHS = (
					"$(inherited)",
					"@executable_path/Frameworks",
				);
				PRODUCT_BUNDLE_IDENTIFIER = goncaloneves.Forecasty;
				PRODUCT_NAME = "$(TARGET_NAME)";
				SWIFT_VERSION = 5.0;
				TARGETED_DEVICE_FAMILY = 1;
			};
			name = Debug;
		};
		B0ADDAFD2679017100938A17 /* Release */ = {
			isa = XCBuildConfiguration;
			buildSettings = {
				ASSETCATALOG_COMPILER_APPICON_NAME = AppIcon;
				ASSETCATALOG_COMPILER_GLOBAL_ACCENT_COLOR_NAME = AccentColor;
				CODE_SIGN_STYLE = Automatic;
				DEVELOPMENT_TEAM = 47FXCVC88W;
				INFOPLIST_FILE = Forecasty/Info.plist;
				IPHONEOS_DEPLOYMENT_TARGET = 13.0;
				LD_RUNPATH_SEARCH_PATHS = (
					"$(inherited)",
					"@executable_path/Frameworks",
				);
				PRODUCT_BUNDLE_IDENTIFIER = goncaloneves.Forecasty;
				PRODUCT_NAME = "$(TARGET_NAME)";
				SWIFT_VERSION = 5.0;
				TARGETED_DEVICE_FAMILY = 1;
			};
			name = Release;
		};
		B0ADDAFF2679017100938A17 /* Debug */ = {
			isa = XCBuildConfiguration;
			buildSettings = {
				ALWAYS_EMBED_SWIFT_STANDARD_LIBRARIES = YES;
				BUNDLE_LOADER = "$(TEST_HOST)";
				CODE_SIGN_STYLE = Automatic;
				DEVELOPMENT_TEAM = 47FXCVC88W;
				INFOPLIST_FILE = ForecastyTests/Info.plist;
				IPHONEOS_DEPLOYMENT_TARGET = 14.4;
				LD_RUNPATH_SEARCH_PATHS = (
					"$(inherited)",
					"@executable_path/Frameworks",
					"@loader_path/Frameworks",
				);
				PRODUCT_BUNDLE_IDENTIFIER = goncaloneves.ForecastyTests;
				PRODUCT_NAME = "$(TARGET_NAME)";
				SWIFT_VERSION = 5.0;
				TARGETED_DEVICE_FAMILY = "1,2";
				TEST_HOST = "$(BUILT_PRODUCTS_DIR)/Forecasty.app/Forecasty";
			};
			name = Debug;
		};
		B0ADDB002679017100938A17 /* Release */ = {
			isa = XCBuildConfiguration;
			buildSettings = {
				ALWAYS_EMBED_SWIFT_STANDARD_LIBRARIES = YES;
				BUNDLE_LOADER = "$(TEST_HOST)";
				CODE_SIGN_STYLE = Automatic;
				DEVELOPMENT_TEAM = 47FXCVC88W;
				INFOPLIST_FILE = ForecastyTests/Info.plist;
				IPHONEOS_DEPLOYMENT_TARGET = 14.4;
				LD_RUNPATH_SEARCH_PATHS = (
					"$(inherited)",
					"@executable_path/Frameworks",
					"@loader_path/Frameworks",
				);
				PRODUCT_BUNDLE_IDENTIFIER = goncaloneves.ForecastyTests;
				PRODUCT_NAME = "$(TARGET_NAME)";
				SWIFT_VERSION = 5.0;
				TARGETED_DEVICE_FAMILY = "1,2";
				TEST_HOST = "$(BUILT_PRODUCTS_DIR)/Forecasty.app/Forecasty";
			};
			name = Release;
		};
		B0ADDB022679017100938A17 /* Debug */ = {
			isa = XCBuildConfiguration;
			buildSettings = {
				ALWAYS_EMBED_SWIFT_STANDARD_LIBRARIES = YES;
				CODE_SIGN_STYLE = Automatic;
				DEVELOPMENT_TEAM = 47FXCVC88W;
				INFOPLIST_FILE = ForecastyUITests/Info.plist;
				LD_RUNPATH_SEARCH_PATHS = (
					"$(inherited)",
					"@executable_path/Frameworks",
					"@loader_path/Frameworks",
				);
				PRODUCT_BUNDLE_IDENTIFIER = goncaloneves.ForecastyUITests;
				PRODUCT_NAME = "$(TARGET_NAME)";
				SWIFT_VERSION = 5.0;
				TARGETED_DEVICE_FAMILY = "1,2";
				TEST_TARGET_NAME = Forecasty;
			};
			name = Debug;
		};
		B0ADDB032679017100938A17 /* Release */ = {
			isa = XCBuildConfiguration;
			buildSettings = {
				ALWAYS_EMBED_SWIFT_STANDARD_LIBRARIES = YES;
				CODE_SIGN_STYLE = Automatic;
				DEVELOPMENT_TEAM = 47FXCVC88W;
				INFOPLIST_FILE = ForecastyUITests/Info.plist;
				LD_RUNPATH_SEARCH_PATHS = (
					"$(inherited)",
					"@executable_path/Frameworks",
					"@loader_path/Frameworks",
				);
				PRODUCT_BUNDLE_IDENTIFIER = goncaloneves.ForecastyUITests;
				PRODUCT_NAME = "$(TARGET_NAME)";
				SWIFT_VERSION = 5.0;
				TARGETED_DEVICE_FAMILY = "1,2";
				TEST_TARGET_NAME = Forecasty;
			};
			name = Release;
		};
/* End XCBuildConfiguration section */

/* Begin XCConfigurationList section */
		B0ADDAC92679016F00938A17 /* Build configuration list for PBXProject "Forecasty" */ = {
			isa = XCConfigurationList;
			buildConfigurations = (
				B0ADDAF92679017100938A17 /* Debug */,
				B0ADDAFA2679017100938A17 /* Release */,
			);
			defaultConfigurationIsVisible = 0;
			defaultConfigurationName = Release;
		};
		B0ADDAFB2679017100938A17 /* Build configuration list for PBXNativeTarget "Forecasty" */ = {
			isa = XCConfigurationList;
			buildConfigurations = (
				B0ADDAFC2679017100938A17 /* Debug */,
				B0ADDAFD2679017100938A17 /* Release */,
			);
			defaultConfigurationIsVisible = 0;
			defaultConfigurationName = Release;
		};
		B0ADDAFE2679017100938A17 /* Build configuration list for PBXNativeTarget "ForecastyTests" */ = {
			isa = XCConfigurationList;
			buildConfigurations = (
				B0ADDAFF2679017100938A17 /* Debug */,
				B0ADDB002679017100938A17 /* Release */,
			);
			defaultConfigurationIsVisible = 0;
			defaultConfigurationName = Release;
		};
		B0ADDB012679017100938A17 /* Build configuration list for PBXNativeTarget "ForecastyUITests" */ = {
			isa = XCConfigurationList;
			buildConfigurations = (
				B0ADDB022679017100938A17 /* Debug */,
				B0ADDB032679017100938A17 /* Release */,
			);
			defaultConfigurationIsVisible = 0;
			defaultConfigurationName = Release;
		};
/* End XCConfigurationList section */

/* Begin XCVersionGroup section */
		B0ADDADA2679016F00938A17 /* Forecasty.xcdatamodeld */ = {
			isa = XCVersionGroup;
			children = (
				B0ADDADB2679016F00938A17 /* Forecasty.xcdatamodel */,
			);
			currentVersion = B0ADDADB2679016F00938A17 /* Forecasty.xcdatamodel */;
			path = Forecasty.xcdatamodeld;
			sourceTree = "<group>";
			versionGroupType = wrapper.xcdatamodel;
		};
/* End XCVersionGroup section */
	};
	rootObject = B0ADDAC62679016F00938A17 /* Project object */;
}
